
Microsoft Visual Studio Solution File, Format Version 11.00
# Visual Studio 2010
Project("{FAE04EC0-301F-11D3-BF4B-00C04F79EFBC}") = "Assembly-CSharp", "Assembly-CSharp.csproj", "{94470d20-0be2-4712-4ef8-7e0e05d55cf6}"
EndProject
Global
	GlobalSection(SolutionConfigurationPlatforms) = preSolution
		Debug|Any CPU = Debug|Any CPU
		Release|Any CPU = Release|Any CPU
	EndGlobalSection
	GlobalSection(ProjectConfigurationPlatforms) = postSolution
		{94470d20-0be2-4712-4ef8-7e0e05d55cf6}.Debug|Any CPU.ActiveCfg = Debug|Any CPU
		{94470d20-0be2-4712-4ef8-7e0e05d55cf6}.Debug|Any CPU.Build.0 = Debug|Any CPU
		{94470d20-0be2-4712-4ef8-7e0e05d55cf6}.Release|Any CPU.ActiveCfg = Release|Any CPU
		{94470d20-0be2-4712-4ef8-7e0e05d55cf6}.Release|Any CPU.Build.0 = Release|Any CPU
	EndGlobalSection
	GlobalSection(SolutionProperties) = preSolution
		HideSolutionNode = FALSE
	EndGlobalSection
EndGlobal
